PODS:
  - DANCurlRequest (1.0.1)
  - OHHTTPStubs/Core (4.6.0)
  - OHHTTPStubs/Swift (4.6.0):
    - OHHTTPStubs/Core

DEPENDENCIES:
  - DANCurlRequest
  - OHHTTPStubs/Swift

SPEC CHECKSUMS:
  DANCurlRequest: b0674429a5ffb4b386221fccbb2eafa29a59208c
  OHHTTPStubs: cb1aefbbeb4de4e741644455d4b945538e5248a2

COCOAPODS: 0.39.0
