// !$*UTF8*$!
{
	archiveVersion = 1;
	classes = {
	};
	objectVersion = 46;
	objects = {

/* Begin PBXBuildFile section */
		6504449F1BF2748600E36607 /* SmallCatURLParser.swift in Sources */ = {isa = PBXBuildFile; fileRef = 6504449E1BF2748600E36607 /* SmallCatURLParser.swift */; };
		65855FB11BF1593300A1FE97 /* APIClientTests.swift in Sources */ = {isa = PBXBuildFile; fileRef = 658A27EB1BF1477D00EA9A9C /* APIClientTests.swift */; };
		65855FB41BF1599400A1FE97 /* homepage.html in Resources */ = {isa = PBXBuildFile; fileRef = 658A27E31BF1453A00EA9A9C /* homepage.html */; };
		65855FB81BF15D5F00A1FE97 /* AuthenticityTokenParser.swift in Sources */ = {isa = PBXBuildFile; fileRef = 65855FB71BF15D5F00A1FE97 /* AuthenticityTokenParser.swift */; };
		658A27AF1BF1421200EA9A9C /* KittyKit.h in Headers */ = {isa = PBXBuildFile; fileRef = 658A27AE1BF1421200EA9A9C /* KittyKit.h */; settings = {ATTRIBUTES = (Public, ); }; };
		658A27B61BF1421200EA9A9C /* KittyKit.framework in Frameworks */ = {isa = PBXBuildFile; fileRef = 658A27AB1BF1421200EA9A9C /* KittyKit.framework */; };
		658A27E81BF1456B00EA9A9C /* APIClient.swift in Sources */ = {isa = PBXBuildFile; fileRef = 658A27E71BF1456B00EA9A9C /* APIClient.swift */; };
		658A27EA1BF145AE00EA9A9C /* Either.swift in Sources */ = {isa = PBXBuildFile; fileRef = 658A27E91BF145AE00EA9A9C /* Either.swift */; };
		7D3A1DE8DCD75F90C8227406 /* Pods_KittyKitTests.framework in Frameworks */ = {isa = PBXBuildFile; fileRef = FBF5AEB05690460E2C4A89F4 /* Pods_KittyKitTests.framework */; };
		B5CC9B67A9F5EE5E0962261F /* Pods_KittyKit.framework in Frameworks */ = {isa = PBXBuildFile; fileRef = 1A98BC0550BF9A08E9E36662 /* Pods_KittyKit.framework */; };
/* End PBXBuildFile section */

/* Begin PBXContainerItemProxy section */
		658A27B71BF1421200EA9A9C /* PBXContainerItemProxy */ = {
			isa = PBXContainerItemProxy;
			containerPortal = 658A27A21BF1421200EA9A9C /* Project object */;
			proxyType = 1;
			remoteGlobalIDString = 658A27AA1BF1421200EA9A9C;
			remoteInfo = KittyKit;
		};
/* End PBXContainerItemProxy section */

/* Begin PBXFileReference section */
		1A98BC0550BF9A08E9E36662 /* Pods_KittyKit.framework */ = {isa = PBXFileReference; explicitFileType = wrapper.framework; includeInIndex = 0; path = Pods_KittyKit.framework; sourceTree = BUILT_PRODUCTS_DIR; };
		6504449C1BF26B1100E36607 /* Framework_Debug.xcconfig */ = {isa = PBXFileReference; lastKnownFileType = text.xcconfig; path = Framework_Debug.xcconfig; sourceTree = "<group>"; };
		6504449D1BF26B2B00E36607 /* Framework_Release.xcconfig */ = {isa = PBXFileReference; lastKnownFileType = text.xcconfig; path = Framework_Release.xcconfig; sourceTree = "<group>"; };
		6504449E1BF2748600E36607 /* SmallCatURLParser.swift */ = {isa = PBXFileReference; fileEncoding = 4; lastKnownFileType = sourcecode.swift; path = SmallCatURLParser.swift; sourceTree = "<group>"; };
		65855FB71BF15D5F00A1FE97 /* AuthenticityTokenParser.swift */ = {isa = PBXFileReference; fileEncoding = 4; lastKnownFileType = sourcecode.swift; path = AuthenticityTokenParser.swift; sourceTree = "<group>"; };
		658A27AB1BF1421200EA9A9C /* KittyKit.framework */ = {isa = PBXFileReference; explicitFileType = wrapper.framework; includeInIndex = 0; path = KittyKit.framework; sourceTree = BUILT_PRODUCTS_DIR; };
		658A27AE1BF1421200EA9A9C /* KittyKit.h */ = {isa = PBXFileReference; lastKnownFileType = sourcecode.c.h; path = KittyKit.h; sourceTree = "<group>"; };
		658A27B01BF1421200EA9A9C /* Info.plist */ = {isa = PBXFileReference; lastKnownFileType = text.plist.xml; path = Info.plist; sourceTree = "<group>"; };
		658A27B51BF1421200EA9A9C /* KittyKitTests.xctest */ = {isa = PBXFileReference; explicitFileType = wrapper.cfbundle; includeInIndex = 0; path = KittyKitTests.xctest; sourceTree = BUILT_PRODUCTS_DIR; };
		658A27BC1BF1421200EA9A9C /* Info.plist */ = {isa = PBXFileReference; lastKnownFileType = text.plist.xml; path = Info.plist; sourceTree = "<group>"; };
		658A27C71BF1424900EA9A9C /* Debug.xcconfig */ = {isa = PBXFileReference; fileEncoding = 4; lastKnownFileType = text.xcconfig; path = Debug.xcconfig; sourceTree = "<group>"; };
		658A27C81BF1424900EA9A9C /* iOS Framework.xcconfig */ = {isa = PBXFileReference; fileEncoding = 4; lastKnownFileType = text.xcconfig; path = "iOS Framework.xcconfig"; sourceTree = "<group>"; };
		658A27C91BF1424900EA9A9C /* iOS Static Library.xcconfig */ = {isa = PBXFileReference; fileEncoding = 4; lastKnownFileType = text.xcconfig; path = "iOS Static Library.xcconfig"; sourceTree = "<group>"; };
		658A27CA1BF1424900EA9A9C /* iOS Tests.xcconfig */ = {isa = PBXFileReference; fileEncoding = 4; lastKnownFileType = text.xcconfig; path = "iOS Tests.xcconfig"; sourceTree = "<group>"; };
		658A27CB1BF1424900EA9A9C /* OSX Framework.xcconfig */ = {isa = PBXFileReference; fileEncoding = 4; lastKnownFileType = text.xcconfig; path = "OSX Framework.xcconfig"; sourceTree = "<group>"; };
		658A27CC1BF1424900EA9A9C /* OSX Tests.xcconfig */ = {isa = PBXFileReference; fileEncoding = 4; lastKnownFileType = text.xcconfig; path = "OSX Tests.xcconfig"; sourceTree = "<group>"; };
		658A27CD1BF1424900EA9A9C /* Release.xcconfig */ = {isa = PBXFileReference; fileEncoding = 4; lastKnownFileType = text.xcconfig; path = Release.xcconfig; sourceTree = "<group>"; };
		658A27CE1BF1424900EA9A9C /* Shared Framework_Base.xcconfig */ = {isa = PBXFileReference; fileEncoding = 4; lastKnownFileType = text.xcconfig; path = "Shared Framework_Base.xcconfig"; sourceTree = "<group>"; };
		658A27CF1BF1424900EA9A9C /* Shared Framework_Framework.xcconfig */ = {isa = PBXFileReference; fileEncoding = 4; lastKnownFileType = text.xcconfig; path = "Shared Framework_Framework.xcconfig"; sourceTree = "<group>"; };
		658A27D01BF1424900EA9A9C /* Shared Framework_Tests.xcconfig */ = {isa = PBXFileReference; fileEncoding = 4; lastKnownFileType = text.xcconfig; path = "Shared Framework_Tests.xcconfig"; sourceTree = "<group>"; };
		658A27D11BF1424900EA9A9C /* Shared.xcconfig */ = {isa = PBXFileReference; fileEncoding = 4; lastKnownFileType = text.xcconfig; path = Shared.xcconfig; sourceTree = "<group>"; };
		658A27D21BF1424900EA9A9C /* Warnings.xcconfig */ = {isa = PBXFileReference; fileEncoding = 4; lastKnownFileType = text.xcconfig; path = Warnings.xcconfig; sourceTree = "<group>"; };
		658A27D31BF1424900EA9A9C /* watchOS Framework.xcconfig */ = {isa = PBXFileReference; fileEncoding = 4; lastKnownFileType = text.xcconfig; path = "watchOS Framework.xcconfig"; sourceTree = "<group>"; };
		658A27E31BF1453A00EA9A9C /* homepage.html */ = {isa = PBXFileReference; fileEncoding = 4; lastKnownFileType = text.html; path = homepage.html; sourceTree = "<group>"; };
		658A27E71BF1456B00EA9A9C /* APIClient.swift */ = {isa = PBXFileReference; fileEncoding = 4; lastKnownFileType = sourcecode.swift; path = APIClient.swift; sourceTree = "<group>"; };
		658A27E91BF145AE00EA9A9C /* Either.swift */ = {isa = PBXFileReference; fileEncoding = 4; lastKnownFileType = sourcecode.swift; path = Either.swift; sourceTree = "<group>"; };
		658A27EB1BF1477D00EA9A9C /* APIClientTests.swift */ = {isa = PBXFileReference; fileEncoding = 4; lastKnownFileType = sourcecode.swift; path = APIClientTests.swift; sourceTree = "<group>"; };
		658A27EE1BF1507400EA9A9C /* Framework.xcconfig */ = {isa = PBXFileReference; lastKnownFileType = text.xcconfig; path = Framework.xcconfig; sourceTree = "<group>"; };
		658A27EF1BF1507B00EA9A9C /* Tests.xcconfig */ = {isa = PBXFileReference; lastKnownFileType = text.xcconfig; path = Tests.xcconfig; sourceTree = "<group>"; };
		658A27F41BF1524400EA9A9C /* Tests_Debug.xcconfig */ = {isa = PBXFileReference; lastKnownFileType = text.xcconfig; path = Tests_Debug.xcconfig; sourceTree = "<group>"; };
		658A27F51BF1525D00EA9A9C /* Tests_Release.xcconfig */ = {isa = PBXFileReference; lastKnownFileType = text.xcconfig; path = Tests_Release.xcconfig; sourceTree = "<group>"; };
		FBF5AEB05690460E2C4A89F4 /* Pods_KittyKitTests.framework */ = {isa = PBXFileReference; explicitFileType = wrapper.framework; includeInIndex = 0; path = Pods_KittyKitTests.framework; sourceTree = BUILT_PRODUCTS_DIR; };
/* End PBXFileReference section */

/* Begin PBXFrameworksBuildPhase section */
		658A27A71BF1421200EA9A9C /* Frameworks */ = {
			isa = PBXFrameworksBuildPhase;
			buildActionMask = 2147483647;
			files = (
				B5CC9B67A9F5EE5E0962261F /* Pods_KittyKit.framework in Frameworks */,
			);
			runOnlyForDeploymentPostprocessing = 0;
		};
		658A27B21BF1421200EA9A9C /* Frameworks */ = {
			isa = PBXFrameworksBuildPhase;
			buildActionMask = 2147483647;
			files = (
				658A27B61BF1421200EA9A9C /* KittyKit.framework in Frameworks */,
				7D3A1DE8DCD75F90C8227406 /* Pods_KittyKitTests.framework in Frameworks */,
			);
			runOnlyForDeploymentPostprocessing = 0;
		};
/* End PBXFrameworksBuildPhase section */

/* Begin PBXGroup section */
		29B645FE7266C1B24EA2564A /* Frameworks */ = {
			isa = PBXGroup;
			children = (
				FBF5AEB05690460E2C4A89F4 /* Pods_KittyKitTests.framework */,
				1A98BC0550BF9A08E9E36662 /* Pods_KittyKit.framework */,
			);
			name = Frameworks;
			sourceTree = "<group>";
		};
		3D347C21A0E2EC420A8D3D49 /* Pods */ = {
			isa = PBXGroup;
			children = (
			);
			name = Pods;
			sourceTree = "<group>";
		};
		658A27A11BF1421200EA9A9C = {
			isa = PBXGroup;
			children = (
				658A27ED1BF1504700EA9A9C /* Configurations */,
				658A27C51BF1423600EA9A9C /* External */,
				29B645FE7266C1B24EA2564A /* Frameworks */,
				658A27AD1BF1421200EA9A9C /* KittyKit */,
				658A27B91BF1421200EA9A9C /* KittyKitTests */,
				3D347C21A0E2EC420A8D3D49 /* Pods */,
				658A27AC1BF1421200EA9A9C /* Products */,
			);
			sourceTree = "<group>";
		};
		658A27AC1BF1421200EA9A9C /* Products */ = {
			isa = PBXGroup;
			children = (
				658A27AB1BF1421200EA9A9C /* KittyKit.framework */,
				658A27B51BF1421200EA9A9C /* KittyKitTests.xctest */,
			);
			name = Products;
			sourceTree = "<group>";
		};
		658A27AD1BF1421200EA9A9C /* KittyKit */ = {
			isa = PBXGroup;
			children = (
				658A27E71BF1456B00EA9A9C /* APIClient.swift */,
				6504449E1BF2748600E36607 /* SmallCatURLParser.swift */,
				65855FB71BF15D5F00A1FE97 /* AuthenticityTokenParser.swift */,
				658A27E91BF145AE00EA9A9C /* Either.swift */,
				658A27B01BF1421200EA9A9C /* Info.plist */,
				658A27AE1BF1421200EA9A9C /* KittyKit.h */,
			);
			path = KittyKit;
			sourceTree = "<group>";
		};
		658A27B91BF1421200EA9A9C /* KittyKitTests */ = {
			isa = PBXGroup;
			children = (
				658A27E21BF1453A00EA9A9C /* Mocks */,
				658A27EB1BF1477D00EA9A9C /* APIClientTests.swift */,
				658A27BC1BF1421200EA9A9C /* Info.plist */,
			);
			path = KittyKitTests;
			sourceTree = "<group>";
		};
		658A27C51BF1423600EA9A9C /* External */ = {
			isa = PBXGroup;
			children = (
				658A27C61BF1424900EA9A9C /* xcconfigs */,
			);
			path = External;
			sourceTree = "<group>";
		};
		658A27C61BF1424900EA9A9C /* xcconfigs */ = {
			isa = PBXGroup;
			children = (
				658A27C71BF1424900EA9A9C /* Debug.xcconfig */,
				658A27CB1BF1424900EA9A9C /* OSX Framework.xcconfig */,
				658A27CC1BF1424900EA9A9C /* OSX Tests.xcconfig */,
				658A27CD1BF1424900EA9A9C /* Release.xcconfig */,
				658A27CE1BF1424900EA9A9C /* Shared Framework_Base.xcconfig */,
				658A27CF1BF1424900EA9A9C /* Shared Framework_Framework.xcconfig */,
				658A27D01BF1424900EA9A9C /* Shared Framework_Tests.xcconfig */,
				658A27D11BF1424900EA9A9C /* Shared.xcconfig */,
				658A27D21BF1424900EA9A9C /* Warnings.xcconfig */,
				658A27C81BF1424900EA9A9C /* iOS Framework.xcconfig */,
				658A27C91BF1424900EA9A9C /* iOS Static Library.xcconfig */,
				658A27CA1BF1424900EA9A9C /* iOS Tests.xcconfig */,
				658A27D31BF1424900EA9A9C /* watchOS Framework.xcconfig */,
			);
			path = xcconfigs;
			sourceTree = "<group>";
		};
		658A27E21BF1453A00EA9A9C /* Mocks */ = {
			isa = PBXGroup;
			children = (
				658A27E31BF1453A00EA9A9C /* homepage.html */,
			);
			path = Mocks;
			sourceTree = "<group>";
		};
		658A27ED1BF1504700EA9A9C /* Configurations */ = {
			isa = PBXGroup;
			children = (
				658A27EE1BF1507400EA9A9C /* Framework.xcconfig */,
				6504449C1BF26B1100E36607 /* Framework_Debug.xcconfig */,
				6504449D1BF26B2B00E36607 /* Framework_Release.xcconfig */,
				658A27EF1BF1507B00EA9A9C /* Tests.xcconfig */,
				658A27F41BF1524400EA9A9C /* Tests_Debug.xcconfig */,
				658A27F51BF1525D00EA9A9C /* Tests_Release.xcconfig */,
			);
			path = Configurations;
			sourceTree = "<group>";
		};
/* End PBXGroup section */

/* Begin PBXHeadersBuildPhase section */
		658A27A81BF1421200EA9A9C /* Headers */ = {
			isa = PBXHeadersBuildPhase;
			buildActionMask = 2147483647;
			files = (
				658A27AF1BF1421200EA9A9C /* KittyKit.h in Headers */,
			);
			runOnlyForDeploymentPostprocessing = 0;
		};
/* End PBXHeadersBuildPhase section */

/* Begin PBXNativeTarget section */
		658A27AA1BF1421200EA9A9C /* KittyKit */ = {
			isa = PBXNativeTarget;
			buildConfigurationList = 658A27BF1BF1421200EA9A9C /* Build configuration list for PBXNativeTarget "KittyKit" */;
			buildPhases = (
				658A27A61BF1421200EA9A9C /* Sources */,
				658A27A71BF1421200EA9A9C /* Frameworks */,
				658A27A81BF1421200EA9A9C /* Headers */,
				658A27A91BF1421200EA9A9C /* Resources */,
			);
			buildRules = (
			);
			dependencies = (
			);
			name = KittyKit;
			productName = KittyKit;
			productReference = 658A27AB1BF1421200EA9A9C /* KittyKit.framework */;
			productType = "com.apple.product-type.framework";
		};
		658A27B41BF1421200EA9A9C /* KittyKitTests */ = {
			isa = PBXNativeTarget;
			buildConfigurationList = 658A27C21BF1421200EA9A9C /* Build configuration list for PBXNativeTarget "KittyKitTests" */;
			buildPhases = (
				D25F84AEFB9FC2892089FE01 /* Check Pods Manifest.lock */,
				658A27B11BF1421200EA9A9C /* Sources */,
				658A27B21BF1421200EA9A9C /* Frameworks */,
				658A27B31BF1421200EA9A9C /* Resources */,
				348CF9F1233C7404084214C6 /* Embed Pods Frameworks */,
				29DD2FF3778EA230B47CE6E4 /* Copy Pods Resources */,
			);
			buildRules = (
			);
			dependencies = (
				658A27B81BF1421200EA9A9C /* PBXTargetDependency */,
			);
			name = KittyKitTests;
			productName = KittyKitTests;
			productReference = 658A27B51BF1421200EA9A9C /* KittyKitTests.xctest */;
			productType = "com.apple.product-type.bundle.unit-test";
		};
/* End PBXNativeTarget section */

/* Begin PBXProject section */
		658A27A21BF1421200EA9A9C /* Project object */ = {
			isa = PBXProject;
			attributes = {
				LastSwiftUpdateCheck = 0700;
				LastUpgradeCheck = 0700;
				ORGANIZATIONNAME = "Rocket Apps Limited";
				TargetAttributes = {
					658A27AA1BF1421200EA9A9C = {
						CreatedOnToolsVersion = 7.0;
					};
					658A27B41BF1421200EA9A9C = {
						CreatedOnToolsVersion = 7.0;
					};
				};
			};
			buildConfigurationList = 658A27A51BF1421200EA9A9C /* Build configuration list for PBXProject "KittyKit" */;
			compatibilityVersion = "Xcode 3.2";
			developmentRegion = English;
			hasScannedForEncodings = 0;
			knownRegions = (
				en,
			);
			mainGroup = 658A27A11BF1421200EA9A9C;
			productRefGroup = 658A27AC1BF1421200EA9A9C /* Products */;
			projectDirPath = "";
			projectRoot = "";
			targets = (
				658A27AA1BF1421200EA9A9C /* KittyKit */,
				658A27B41BF1421200EA9A9C /* KittyKitTests */,
			);
		};
/* End PBXProject section */

/* Begin PBXResourcesBuildPhase section */
		658A27A91BF1421200EA9A9C /* Resources */ = {
			isa = PBXResourcesBuildPhase;
			buildActionMask = 2147483647;
			files = (
			);
			runOnlyForDeploymentPostprocessing = 0;
		};
		658A27B31BF1421200EA9A9C /* Resources */ = {
			isa = PBXResourcesBuildPhase;
			buildActionMask = 2147483647;
			files = (
				65855FB41BF1599400A1FE97 /* homepage.html in Resources */,
			);
			runOnlyForDeploymentPostprocessing = 0;
		};
/* End PBXResourcesBuildPhase section */

/* Begin PBXShellScriptBuildPhase section */
		29DD2FF3778EA230B47CE6E4 /* Copy Pods Resources */ = {
			isa = PBXShellScriptBuildPhase;
			buildActionMask = 2147483647;
			files = (
			);
			inputPaths = (
			);
			name = "Copy Pods Resources";
			outputPaths = (
			);
			runOnlyForDeploymentPostprocessing = 0;
			shellPath = /bin/sh;
			shellScript = "\"${SRCROOT}/Pods/Target Support Files/Pods-KittyKitTests/Pods-KittyKitTests-resources.sh\"\n";
			showEnvVarsInLog = 0;
		};
		348CF9F1233C7404084214C6 /* Embed Pods Frameworks */ = {
			isa = PBXShellScriptBuildPhase;
			buildActionMask = 2147483647;
			files = (
			);
			inputPaths = (
			);
			name = "Embed Pods Frameworks";
			outputPaths = (
			);
			runOnlyForDeploymentPostprocessing = 0;
			shellPath = /bin/sh;
			shellScript = "\"${SRCROOT}/Pods/Target Support Files/Pods-KittyKitTests/Pods-KittyKitTests-frameworks.sh\"\n";
			showEnvVarsInLog = 0;
		};
		D25F84AEFB9FC2892089FE01 /* Check Pods Manifest.lock */ = {
			isa = PBXShellScriptBuildPhase;
			buildActionMask = 2147483647;
			files = (
			);
			inputPaths = (
			);
			name = "Check Pods Manifest.lock";
			outputPaths = (
			);
			runOnlyForDeploymentPostprocessing = 0;
			shellPath = /bin/sh;
			shellScript = "diff \"${PODS_ROOT}/../Podfile.lock\" \"${PODS_ROOT}/Manifest.lock\" > /dev/null\nif [[ $? != 0 ]] ; then\n    cat << EOM\nerror: The sandbox is not in sync with the Podfile.lock. Run 'pod install' or update your CocoaPods installation.\nEOM\n    exit 1\nfi\n";
			showEnvVarsInLog = 0;
		};
/* End PBXShellScriptBuildPhase section */

/* Begin PBXSourcesBuildPhase section */
		658A27A61BF1421200EA9A9C /* Sources */ = {
			isa = PBXSourcesBuildPhase;
			buildActionMask = 2147483647;
			files = (
				65855FB81BF15D5F00A1FE97 /* AuthenticityTokenParser.swift in Sources */,
				658A27EA1BF145AE00EA9A9C /* Either.swift in Sources */,
				658A27E81BF1456B00EA9A9C /* APIClient.swift in Sources */,
				6504449F1BF2748600E36607 /* SmallCatURLParser.swift in Sources */,
			);
			runOnlyForDeploymentPostprocessing = 0;
		};
		658A27B11BF1421200EA9A9C /* Sources */ = {
			isa = PBXSourcesBuildPhase;
			buildActionMask = 2147483647;
			files = (
				65855FB11BF1593300A1FE97 /* APIClientTests.swift in Sources */,
			);
			runOnlyForDeploymentPostprocessing = 0;
		};
/* End PBXSourcesBuildPhase section */

/* Begin PBXTargetDependency section */
		658A27B81BF1421200EA9A9C /* PBXTargetDependency */ = {
			isa = PBXTargetDependency;
			target = 658A27AA1BF1421200EA9A9C /* KittyKit */;
			targetProxy = 658A27B71BF1421200EA9A9C /* PBXContainerItemProxy */;
		};
/* End PBXTargetDependency section */

/* Begin XCBuildConfiguration section */
		658A27BD1BF1421200EA9A9C /* Debug */ = {
			isa = XCBuildConfiguration;
			baseConfigurationReference = 658A27C71BF1424900EA9A9C /* Debug.xcconfig */;
			buildSettings = {
				ALWAYS_SEARCH_USER_PATHS = NO;
				CLANG_CXX_LANGUAGE_STANDARD = "gnu++0x";
				CLANG_CXX_LIBRARY = "libc++";
				CLANG_ENABLE_MODULES = YES;
				CLANG_ENABLE_OBJC_ARC = YES;
				CLANG_WARN_BOOL_CONVERSION = YES;
				CLANG_WARN_CONSTANT_CONVERSION = YES;
				CLANG_WARN_DIRECT_OBJC_ISA_USAGE = YES_ERROR;
				CLANG_WARN_EMPTY_BODY = YES;
				CLANG_WARN_ENUM_CONVERSION = YES;
				CLANG_WARN_INT_CONVERSION = YES;
				CLANG_WARN_OBJC_ROOT_CLASS = YES_ERROR;
				CLANG_WARN_UNREACHABLE_CODE = YES;
				CLANG_WARN__DUPLICATE_METHOD_MATCH = YES;
				COPY_PHASE_STRIP = NO;
				CURRENT_PROJECT_VERSION = 1;
				DEBUG_INFORMATION_FORMAT = dwarf;
				ENABLE_STRICT_OBJC_MSGSEND = YES;
				ENABLE_TESTABILITY = YES;
				GCC_C_LANGUAGE_STANDARD = gnu99;
				GCC_DYNAMIC_NO_PIC = NO;
				GCC_NO_COMMON_BLOCKS = YES;
				GCC_OPTIMIZATION_LEVEL = 0;
				GCC_PREPROCESSOR_DEFINITIONS = (
					"DEBUG=1",
					"$(inherited)",
				);
				GCC_WARN_64_TO_32_BIT_CONVERSION = YES;
				GCC_WARN_ABOUT_RETURN_TYPE = YES_ERROR;
				GCC_WARN_UNDECLARED_SELECTOR = YES;
				GCC_WARN_UNINITIALIZED_AUTOS = YES_AGGRESSIVE;
				GCC_WARN_UNUSED_FUNCTION = YES;
				GCC_WARN_UNUSED_VARIABLE = YES;
				MACOSX_DEPLOYMENT_TARGET = 10.11;
				MTL_ENABLE_DEBUG_INFO = YES;
				ONLY_ACTIVE_ARCH = YES;
				SDKROOT = macosx;
				SWIFT_OPTIMIZATION_LEVEL = "-Onone";
				VERSIONING_SYSTEM = "apple-generic";
				VERSION_INFO_PREFIX = "";
			};
			name = Debug;
		};
		658A27BE1BF1421200EA9A9C /* Release */ = {
			isa = XCBuildConfiguration;
			baseConfigurationReference = 658A27CD1BF1424900EA9A9C /* Release.xcconfig */;
			buildSettings = {
				ALWAYS_SEARCH_USER_PATHS = NO;
				CLANG_CXX_LANGUAGE_STANDARD = "gnu++0x";
				CLANG_CXX_LIBRARY = "libc++";
				CLANG_ENABLE_MODULES = YES;
				CLANG_ENABLE_OBJC_ARC = YES;
				CLANG_WARN_BOOL_CONVERSION = YES;
				CLANG_WARN_CONSTANT_CONVERSION = YES;
				CLANG_WARN_DIRECT_OBJC_ISA_USAGE = YES_ERROR;
				CLANG_WARN_EMPTY_BODY = YES;
				CLANG_WARN_ENUM_CONVERSION = YES;
				CLANG_WARN_INT_CONVERSION = YES;
				CLANG_WARN_OBJC_ROOT_CLASS = YES_ERROR;
				CLANG_WARN_UNREACHABLE_CODE = YES;
				CLANG_WARN__DUPLICATE_METHOD_MATCH = YES;
				COPY_PHASE_STRIP = NO;
				CURRENT_PROJECT_VERSION = 1;
				DEBUG_INFORMATION_FORMAT = "dwarf-with-dsym";
				ENABLE_NS_ASSERTIONS = NO;
				ENABLE_STRICT_OBJC_MSGSEND = YES;
				GCC_C_LANGUAGE_STANDARD = gnu99;
				GCC_NO_COMMON_BLOCKS = YES;
				GCC_WARN_64_TO_32_BIT_CONVERSION = YES;
				GCC_WARN_ABOUT_RETURN_TYPE = YES_ERROR;
				GCC_WARN_UNDECLARED_SELECTOR = YES;
				GCC_WARN_UNINITIALIZED_AUTOS = YES_AGGRESSIVE;
				GCC_WARN_UNUSED_FUNCTION = YES;
				GCC_WARN_UNUSED_VARIABLE = YES;
				MACOSX_DEPLOYMENT_TARGET = 10.11;
				MTL_ENABLE_DEBUG_INFO = NO;
				SDKROOT = macosx;
				VERSIONING_SYSTEM = "apple-generic";
				VERSION_INFO_PREFIX = "";
			};
			name = Release;
		};
		658A27C01BF1421200EA9A9C /* Debug */ = {
			isa = XCBuildConfiguration;
			baseConfigurationReference = 6504449C1BF26B1100E36607 /* Framework_Debug.xcconfig */;
			buildSettings = {
				APPLICATION_EXTENSION_API_ONLY = YES;
				CLANG_ENABLE_MODULES = YES;
				CODE_SIGN_IDENTITY = "";
				COMBINE_HIDPI_IMAGES = YES;
				DEFINES_MODULE = YES;
				DYLIB_COMPATIBILITY_VERSION = 1;
				DYLIB_CURRENT_VERSION = 1;
				DYLIB_INSTALL_NAME_BASE = "@rpath";
				FRAMEWORK_VERSION = A;
				INFOPLIST_FILE = KittyKit/Info.plist;
				INSTALL_PATH = "$(LOCAL_LIBRARY_DIR)/Frameworks";
				LD_RUNPATH_SEARCH_PATHS = "$(inherited) @executable_path/../Frameworks @loader_path/Frameworks";
				PRODUCT_BUNDLE_IDENTIFIER = co.rocketapps.KittyKit;
				PRODUCT_NAME = "$(TARGET_NAME)";
				SKIP_INSTALL = YES;
				SWIFT_OPTIMIZATION_LEVEL = "-Onone";
			};
			name = Debug;
		};
		658A27C11BF1421200EA9A9C /* Release */ = {
			isa = XCBuildConfiguration;
			baseConfigurationReference = 6504449D1BF26B2B00E36607 /* Framework_Release.xcconfig */;
			buildSettings = {
				APPLICATION_EXTENSION_API_ONLY = YES;
				CLANG_ENABLE_MODULES = YES;
				CODE_SIGN_IDENTITY = "";
				COMBINE_HIDPI_IMAGES = YES;
				DEFINES_MODULE = YES;
				DYLIB_COMPATIBILITY_VERSION = 1;
				DYLIB_CURRENT_VERSION = 1;
				DYLIB_INSTALL_NAME_BASE = "@rpath";
				FRAMEWORK_VERSION = A;
				INFOPLIST_FILE = KittyKit/Info.plist;
				INSTALL_PATH = "$(LOCAL_LIBRARY_DIR)/Frameworks";
				LD_RUNPATH_SEARCH_PATHS = "$(inherited) @executable_path/../Frameworks @loader_path/Frameworks";
				PRODUCT_BUNDLE_IDENTIFIER = co.rocketapps.KittyKit;
				PRODUCT_NAME = "$(TARGET_NAME)";
				SKIP_INSTALL = YES;
			};
			name = Release;
		};
		658A27C31BF1421200EA9A9C /* Debug */ = {
			isa = XCBuildConfiguration;
			baseConfigurationReference = 658A27F41BF1524400EA9A9C /* Tests_Debug.xcconfig */;
			buildSettings = {
				CLANG_ENABLE_MODULES = YES;
				COMBINE_HIDPI_IMAGES = YES;
				INFOPLIST_FILE = KittyKitTests/Info.plist;
				LD_RUNPATH_SEARCH_PATHS = "$(inherited) @executable_path/../Frameworks @loader_path/../Frameworks";
				PRODUCT_BUNDLE_IDENTIFIER = co.rocketapps.KittyKitTests;
				PRODUCT_NAME = "$(TARGET_NAME)";
				SWIFT_OPTIMIZATION_LEVEL = "-Onone";
			};
			name = Debug;
		};
		658A27C41BF1421200EA9A9C /* Release */ = {
			isa = XCBuildConfiguration;
			baseConfigurationReference = 658A27F51BF1525D00EA9A9C /* Tests_Release.xcconfig */;
			buildSettings = {
				CLANG_ENABLE_MODULES = YES;
				COMBINE_HIDPI_IMAGES = YES;
				INFOPLIST_FILE = KittyKitTests/Info.plist;
				LD_RUNPATH_SEARCH_PATHS = "$(inherited) @executable_path/../Frameworks @loader_path/../Frameworks";
				PRODUCT_BUNDLE_IDENTIFIER = co.rocketapps.KittyKitTests;
				PRODUCT_NAME = "$(TARGET_NAME)";
			};
			name = Release;
		};
/* End XCBuildConfiguration section */

/* Begin XCConfigurationList section */
		658A27A51BF1421200EA9A9C /* Build configuration list for PBXProject "KittyKit" */ = {
			isa = XCConfigurationList;
			buildConfigurations = (
				658A27BD1BF1421200EA9A9C /* Debug */,
				658A27BE1BF1421200EA9A9C /* Release */,
			);
			defaultConfigurationIsVisible = 0;
			defaultConfigurationName = Debug;
		};
		658A27BF1BF1421200EA9A9C /* Build configuration list for PBXNativeTarget "KittyKit" */ = {
			isa = XCConfigurationList;
			buildConfigurations = (
				658A27C01BF1421200EA9A9C /* Debug */,
				658A27C11BF1421200EA9A9C /* Release */,
			);
			defaultConfigurationIsVisible = 0;
			defaultConfigurationName = Debug;
		};
		658A27C21BF1421200EA9A9C /* Build configuration list for PBXNativeTarget "KittyKitTests" */ = {
			isa = XCConfigurationList;
			buildConfigurations = (
				658A27C31BF1421200EA9A9C /* Debug */,
				658A27C41BF1421200EA9A9C /* Release */,
			);
			defaultConfigurationIsVisible = 0;
			defaultConfigurationName = Debug;
		};
/* End XCConfigurationList section */
	};
	rootObject = 658A27A21BF1421200EA9A9C /* Project object */;
}
